
Microsoft Visual Studio Solution File, Format Version 12.00
# Visual Studio 14
VisualStudioVersion = 14.0.25420.1
MinimumVisualStudioVersion = 10.0.40219.1
Project("{FAE04EC0-301F-11D3-BF4B-00C04F79EFBC}") = "FastBar", "FastBar\FastBar.csproj", "{C307F7A6-113C-4DA5-A2CC-CF4D2CEDA2BC}"
EndProject
Project("{FAE04EC0-301F-11D3-BF4B-00C04F79EFBC}") = "FastBarTests", "FastBarTests\FastBarTests.csproj", "{9D3523BE-C6DE-4F40-9F3C-10ECFBC9983C}"
EndProject
Global
	GlobalSection(SolutionConfigurationPlatforms) = preSolution
		Debug|Any CPU = Debug|Any CPU
		Release|Any CPU = Release|Any CPU
	EndGlobalSection
	GlobalSection(ProjectConfigurationPlatforms) = postSolution
		{C307F7A6-113C-4DA5-A2CC-CF4D2CEDA2BC}.Debug|Any CPU.ActiveCfg = Debug|Any CPU
		{C307F7A6-113C-4DA5-A2CC-CF4D2CEDA2BC}.Debug|Any CPU.Build.0 = Debug|Any CPU
		{C307F7A6-113C-4DA5-A2CC-CF4D2CEDA2BC}.Release|Any CPU.ActiveCfg = Release|Any CPU
		{C307F7A6-113C-4DA5-A2CC-CF4D2CEDA2BC}.Release|Any CPU.Build.0 = Release|Any CPU
		{9D3523BE-C6DE-4F40-9F3C-10ECFBC9983C}.Debug|Any CPU.ActiveCfg = Debug|Any CPU
		{9D3523BE-C6DE-4F40-9F3C-10ECFBC9983C}.Debug|Any CPU.Build.0 = Debug|Any CPU
		{9D3523BE-C6DE-4F40-9F3C-10ECFBC9983C}.Release|Any CPU.ActiveCfg = Release|Any CPU
		{9D3523BE-C6DE-4F40-9F3C-10ECFBC9983C}.Release|Any CPU.Build.0 = Release|Any CPU
	EndGlobalSection
	GlobalSection(SolutionProperties) = preSolution
		HideSolutionNode = FALSE
	EndGlobalSection
EndGlobal
